PODS:
  - Alamofire (5.2.2)
  - KRActivityIndicatorView (3.0.5)
  - KRProgressHUD (3.4.5):
    - KRActivityIndicatorView (= 3.0.5)
  - Moya/Core (14.0.0):
    - Alamofire (~> 5.0)
  - Moya/RxSwift (14.0.0):
    - Moya/Core
    - RxSwift (~> 5.0)
  - RxSwift (5.1.1)

DEPENDENCIES:
  - KRProgressHUD
  - Moya/RxSwift

SPEC REPOS:
  trunk:
    - Alamofire
    - KRActivityIndicatorView
    - KRProgressHUD
    - Moya
    - RxSwift

SPEC CHECKSUMS:
  Alamofire: 814429acc853c6c54ff123fc3d2ef66803823ce0
  KRActivityIndicatorView: 912bc0413d98340f384b12a4e1e6aa8f42fb377d
  KRProgressHUD: df4cdc3a1baf708d4276a089ee34d133fa9a6f3e
  Moya: 5b45dacb75adb009f97fde91c204c1e565d31916
  RxSwift: 81470a2074fa8780320ea5fe4102807cb7118178

PODFILE CHECKSUM: 8e69e846dc461fc38d31acc6cd1b14c58cda3570

COCOAPODS: 1.9.1
